// !$*UTF8*$!
{
	archiveVersion = 1;
	classes = {
	};
	objectVersion = 51;
	objects = {

/* Begin PBXBuildFile section */
		9B2ED84A803561EF0343C11A /* Pods_Uber_Clone.framework in Frameworks */ = {isa = PBXBuildFile; fileRef = DCC77B97B0698C30C29D9BF4 /* Pods_Uber_Clone.framework */; };
		CE649BA524F6F211003F79FF /* LocationHandler.swift in Sources */ = {isa = PBXBuildFile; fileRef = CE649BA424F6F211003F79FF /* LocationHandler.swift */; };
		CE649BA724F8F3C3003F79FF /* DriverAnnotation.swift in Sources */ = {isa = PBXBuildFile; fileRef = CE649BA624F8F3C3003F79FF /* DriverAnnotation.swift */; };
		CEE85EAC24EEBA4D00EA6A9D /* AppDelegate.swift in Sources */ = {isa = PBXBuildFile; fileRef = CEE85EAB24EEBA4D00EA6A9D /* AppDelegate.swift */; };
		CEE85EAE24EEBA4D00EA6A9D /* SceneDelegate.swift in Sources */ = {isa = PBXBuildFile; fileRef = CEE85EAD24EEBA4D00EA6A9D /* SceneDelegate.swift */; };
		CEE85EB524EEBA5000EA6A9D /* Assets.xcassets in Resources */ = {isa = PBXBuildFile; fileRef = CEE85EB424EEBA5000EA6A9D /* Assets.xcassets */; };
		CEE85EB824EEBA5000EA6A9D /* LaunchScreen.storyboard in Resources */ = {isa = PBXBuildFile; fileRef = CEE85EB624EEBA5000EA6A9D /* LaunchScreen.storyboard */; };
		CEE85EC524EEBB2500EA6A9D /* LoginController.swift in Sources */ = {isa = PBXBuildFile; fileRef = CEE85EC424EEBB2500EA6A9D /* LoginController.swift */; };
		CEE85EC724EEEB0F00EA6A9D /* Extensions.swift in Sources */ = {isa = PBXBuildFile; fileRef = CEE85EC624EEEB0F00EA6A9D /* Extensions.swift */; };
		CEE85EC924F012B700EA6A9D /* SignUpController.swift in Sources */ = {isa = PBXBuildFile; fileRef = CEE85EC824F012B700EA6A9D /* SignUpController.swift */; };
		CEE85ECB24F04EC300EA6A9D /* AuthButton.swift in Sources */ = {isa = PBXBuildFile; fileRef = CEE85ECA24F04EC300EA6A9D /* AuthButton.swift */; };
		CEE85ECD24F0569D00EA6A9D /* GoogleService-Info.plist in Resources */ = {isa = PBXBuildFile; fileRef = CEE85ECC24F0569D00EA6A9D /* GoogleService-Info.plist */; };
		CEE85ECF24F066F900EA6A9D /* HomeController.swift in Sources */ = {isa = PBXBuildFile; fileRef = CEE85ECE24F066F900EA6A9D /* HomeController.swift */; };
		CEE85ED124F118DD00EA6A9D /* LocationInputActivationView.swift in Sources */ = {isa = PBXBuildFile; fileRef = CEE85ED024F118DD00EA6A9D /* LocationInputActivationView.swift */; };
		CEE85ED324F1577F00EA6A9D /* LocationInputView.swift in Sources */ = {isa = PBXBuildFile; fileRef = CEE85ED224F1577F00EA6A9D /* LocationInputView.swift */; };
		CEE85ED524F27D5200EA6A9D /* LocationCell.swift in Sources */ = {isa = PBXBuildFile; fileRef = CEE85ED424F27D5200EA6A9D /* LocationCell.swift */; };
		CEE85ED724F60CCA00EA6A9D /* Service.swift in Sources */ = {isa = PBXBuildFile; fileRef = CEE85ED624F60CCA00EA6A9D /* Service.swift */; };
		CEE85ED924F61D3200EA6A9D /* User.swift in Sources */ = {isa = PBXBuildFile; fileRef = CEE85ED824F61D3100EA6A9D /* User.swift */; };
/* End PBXBuildFile section */

/* Begin PBXFileReference section */
		204C8E7B8A2B2C663F7B1304 /* Pods-Uber Clone.release.xcconfig */ = {isa = PBXFileReference; includeInIndex = 1; lastKnownFileType = text.xcconfig; name = "Pods-Uber Clone.release.xcconfig"; path = "Target Support Files/Pods-Uber Clone/Pods-Uber Clone.release.xcconfig"; sourceTree = "<group>"; };
		3C9B0E1A2EA7207B2E70DBDE /* Pods-Uber Clone.debug.xcconfig */ = {isa = PBXFileReference; includeInIndex = 1; lastKnownFileType = text.xcconfig; name = "Pods-Uber Clone.debug.xcconfig"; path = "Target Support Files/Pods-Uber Clone/Pods-Uber Clone.debug.xcconfig"; sourceTree = "<group>"; };
		CE649BA424F6F211003F79FF /* LocationHandler.swift */ = {isa = PBXFileReference; lastKnownFileType = sourcecode.swift; path = LocationHandler.swift; sourceTree = "<group>"; };
		CE649BA624F8F3C3003F79FF /* DriverAnnotation.swift */ = {isa = PBXFileReference; lastKnownFileType = sourcecode.swift; path = DriverAnnotation.swift; sourceTree = "<group>"; };
		CEE85EA824EEBA4D00EA6A9D /* Uber Clone.app */ = {isa = PBXFileReference; explicitFileType = wrapper.application; includeInIndex = 0; path = "Uber Clone.app"; sourceTree = BUILT_PRODUCTS_DIR; };
		CEE85EAB24EEBA4D00EA6A9D /* AppDelegate.swift */ = {isa = PBXFileReference; lastKnownFileType = sourcecode.swift; path = AppDelegate.swift; sourceTree = "<group>"; };
		CEE85EAD24EEBA4D00EA6A9D /* SceneDelegate.swift */ = {isa = PBXFileReference; lastKnownFileType = sourcecode.swift; path = SceneDelegate.swift; sourceTree = "<group>"; };
		CEE85EB424EEBA5000EA6A9D /* Assets.xcassets */ = {isa = PBXFileReference; lastKnownFileType = folder.assetcatalog; path = Assets.xcassets; sourceTree = "<group>"; };
		CEE85EB724EEBA5000EA6A9D /* Base */ = {isa = PBXFileReference; lastKnownFileType = file.storyboard; name = Base; path = Base.lproj/LaunchScreen.storyboard; sourceTree = "<group>"; };
		CEE85EB924EEBA5000EA6A9D /* Info.plist */ = {isa = PBXFileReference; lastKnownFileType = text.plist.xml; path = Info.plist; sourceTree = "<group>"; };
		CEE85EC424EEBB2500EA6A9D /* LoginController.swift */ = {isa = PBXFileReference; lastKnownFileType = sourcecode.swift; path = LoginController.swift; sourceTree = "<group>"; };
		CEE85EC624EEEB0F00EA6A9D /* Extensions.swift */ = {isa = PBXFileReference; lastKnownFileType = sourcecode.swift; path = Extensions.swift; sourceTree = "<group>"; };
		CEE85EC824F012B700EA6A9D /* SignUpController.swift */ = {isa = PBXFileReference; lastKnownFileType = sourcecode.swift; path = SignUpController.swift; sourceTree = "<group>"; };
		CEE85ECA24F04EC300EA6A9D /* AuthButton.swift */ = {isa = PBXFileReference; lastKnownFileType = sourcecode.swift; path = AuthButton.swift; sourceTree = "<group>"; };
		CEE85ECC24F0569D00EA6A9D /* GoogleService-Info.plist */ = {isa = PBXFileReference; lastKnownFileType = text.plist; path = "GoogleService-Info.plist"; sourceTree = SOURCE_ROOT; };
		CEE85ECE24F066F900EA6A9D /* HomeController.swift */ = {isa = PBXFileReference; lastKnownFileType = sourcecode.swift; path = HomeController.swift; sourceTree = "<group>"; };
		CEE85ED024F118DD00EA6A9D /* LocationInputActivationView.swift */ = {isa = PBXFileReference; lastKnownFileType = sourcecode.swift; path = LocationInputActivationView.swift; sourceTree = "<group>"; };
		CEE85ED224F1577F00EA6A9D /* LocationInputView.swift */ = {isa = PBXFileReference; lastKnownFileType = sourcecode.swift; path = LocationInputView.swift; sourceTree = "<group>"; };
		CEE85ED424F27D5200EA6A9D /* LocationCell.swift */ = {isa = PBXFileReference; lastKnownFileType = sourcecode.swift; path = LocationCell.swift; sourceTree = "<group>"; };
		CEE85ED624F60CCA00EA6A9D /* Service.swift */ = {isa = PBXFileReference; lastKnownFileType = sourcecode.swift; path = Service.swift; sourceTree = "<group>"; };
		CEE85ED824F61D3100EA6A9D /* User.swift */ = {isa = PBXFileReference; lastKnownFileType = sourcecode.swift; path = User.swift; sourceTree = "<group>"; };
		DCC77B97B0698C30C29D9BF4 /* Pods_Uber_Clone.framework */ = {isa = PBXFileReference; explicitFileType = wrapper.framework; includeInIndex = 0; path = Pods_Uber_Clone.framework; sourceTree = BUILT_PRODUCTS_DIR; };
/* End PBXFileReference section */

/* Begin PBXFrameworksBuildPhase section */
		CEE85EA524EEBA4D00EA6A9D /* Frameworks */ = {
			isa = PBXFrameworksBuildPhase;
			buildActionMask = 2147483647;
			files = (
				9B2ED84A803561EF0343C11A /* Pods_Uber_Clone.framework in Frameworks */,
			);
			runOnlyForDeploymentPostprocessing = 0;
		};
/* End PBXFrameworksBuildPhase section */

/* Begin PBXGroup section */
		7B03BEC98991BF138DBD3B49 /* Pods */ = {
			isa = PBXGroup;
			children = (
				3C9B0E1A2EA7207B2E70DBDE /* Pods-Uber Clone.debug.xcconfig */,
				204C8E7B8A2B2C663F7B1304 /* Pods-Uber Clone.release.xcconfig */,
			);
			path = Pods;
			sourceTree = "<group>";
		};
		CEE85E9F24EEBA4D00EA6A9D = {
			isa = PBXGroup;
			children = (
				CEE85EAA24EEBA4D00EA6A9D /* Uber Clone */,
				CEE85EA924EEBA4D00EA6A9D /* Products */,
				7B03BEC98991BF138DBD3B49 /* Pods */,
				FC20ED35DA3ABDC67D35780E /* Frameworks */,
			);
			sourceTree = "<group>";
		};
		CEE85EA924EEBA4D00EA6A9D /* Products */ = {
			isa = PBXGroup;
			children = (
				CEE85EA824EEBA4D00EA6A9D /* Uber Clone.app */,
			);
			name = Products;
			sourceTree = "<group>";
		};
		CEE85EAA24EEBA4D00EA6A9D /* Uber Clone */ = {
			isa = PBXGroup;
			children = (
				CEE85EC324EEBB0C00EA6A9D /* Model */,
				CEE85EC224EEBB0100EA6A9D /* Services */,
				CEE85EC124EEBAF800EA6A9D /* Utils */,
				CEE85EC024EEBAEC00EA6A9D /* Controller */,
				CEE85EBF24EEBAE000EA6A9D /* Views */,
				CEE85EAB24EEBA4D00EA6A9D /* AppDelegate.swift */,
				CEE85EAD24EEBA4D00EA6A9D /* SceneDelegate.swift */,
				CEE85EB424EEBA5000EA6A9D /* Assets.xcassets */,
				CEE85EB624EEBA5000EA6A9D /* LaunchScreen.storyboard */,
				CEE85EB924EEBA5000EA6A9D /* Info.plist */,
				CEE85ECC24F0569D00EA6A9D /* GoogleService-Info.plist */,
			);
			path = "Uber Clone";
			sourceTree = "<group>";
		};
		CEE85EBF24EEBAE000EA6A9D /* Views */ = {
			isa = PBXGroup;
			children = (
				CEE85ECA24F04EC300EA6A9D /* AuthButton.swift */,
				CEE85ED024F118DD00EA6A9D /* LocationInputActivationView.swift */,
				CEE85ED224F1577F00EA6A9D /* LocationInputView.swift */,
				CEE85ED424F27D5200EA6A9D /* LocationCell.swift */,
			);
			path = Views;
			sourceTree = "<group>";
		};
		CEE85EC024EEBAEC00EA6A9D /* Controller */ = {
			isa = PBXGroup;
			children = (
				CEE85EC424EEBB2500EA6A9D /* LoginController.swift */,
				CEE85EC824F012B700EA6A9D /* SignUpController.swift */,
				CEE85ECE24F066F900EA6A9D /* HomeController.swift */,
			);
			path = Controller;
			sourceTree = "<group>";
		};
		CEE85EC124EEBAF800EA6A9D /* Utils */ = {
			isa = PBXGroup;
			children = (
				CEE85EC624EEEB0F00EA6A9D /* Extensions.swift */,
				CE649BA424F6F211003F79FF /* LocationHandler.swift */,
			);
			path = Utils;
			sourceTree = "<group>";
		};
		CEE85EC224EEBB0100EA6A9D /* Services */ = {
			isa = PBXGroup;
			children = (
				CEE85ED624F60CCA00EA6A9D /* Service.swift */,
			);
			path = Services;
			sourceTree = "<group>";
		};
		CEE85EC324EEBB0C00EA6A9D /* Model */ = {
			isa = PBXGroup;
			children = (
				CEE85ED824F61D3100EA6A9D /* User.swift */,
				CE649BA624F8F3C3003F79FF /* DriverAnnotation.swift */,
			);
			path = Model;
			sourceTree = "<group>";
		};
		FC20ED35DA3ABDC67D35780E /* Frameworks */ = {
			isa = PBXGroup;
			children = (
				DCC77B97B0698C30C29D9BF4 /* Pods_Uber_Clone.framework */,
			);
			name = Frameworks;
			sourceTree = "<group>";
		};
/* End PBXGroup section */

/* Begin PBXNativeTarget section */
		CEE85EA724EEBA4D00EA6A9D /* Uber Clone */ = {
			isa = PBXNativeTarget;
			buildConfigurationList = CEE85EBC24EEBA5000EA6A9D /* Build configuration list for PBXNativeTarget "Uber Clone" */;
			buildPhases = (
				13FAB2B755F34414C101A42B /* [CP] Check Pods Manifest.lock */,
				CEE85EA424EEBA4D00EA6A9D /* Sources */,
				CEE85EA524EEBA4D00EA6A9D /* Frameworks */,
				CEE85EA624EEBA4D00EA6A9D /* Resources */,
				BE18CC8111C0845A3854B0BE /* [CP] Embed Pods Frameworks */,
			);
			buildRules = (
			);
			dependencies = (
			);
			name = "Uber Clone";
			productName = "Uber Clone";
			productReference = CEE85EA824EEBA4D00EA6A9D /* Uber Clone.app */;
			productType = "com.apple.product-type.application";
		};
/* End PBXNativeTarget section */

/* Begin PBXProject section */
		CEE85EA024EEBA4D00EA6A9D /* Project object */ = {
			isa = PBXProject;
			attributes = {
				LastSwiftUpdateCheck = 1160;
				LastUpgradeCheck = 1160;
				ORGANIZATIONNAME = User;
				TargetAttributes = {
					CEE85EA724EEBA4D00EA6A9D = {
						CreatedOnToolsVersion = 11.6;
					};
				};
			};
			buildConfigurationList = CEE85EA324EEBA4D00EA6A9D /* Build configuration list for PBXProject "Uber Clone" */;
			compatibilityVersion = "Xcode 9.3";
			developmentRegion = en;
			hasScannedForEncodings = 0;
			knownRegions = (
				en,
				Base,
			);
			mainGroup = CEE85E9F24EEBA4D00EA6A9D;
			productRefGroup = CEE85EA924EEBA4D00EA6A9D /* Products */;
			projectDirPath = "";
			projectRoot = "";
			targets = (
				CEE85EA724EEBA4D00EA6A9D /* Uber Clone */,
			);
		};
/* End PBXProject section */

/* Begin PBXResourcesBuildPhase section */
		CEE85EA624EEBA4D00EA6A9D /* Resources */ = {
			isa = PBXResourcesBuildPhase;
			buildActionMask = 2147483647;
			files = (
				CEE85EB824EEBA5000EA6A9D /* LaunchScreen.storyboard in Resources */,
				CEE85EB524EEBA5000EA6A9D /* Assets.xcassets in Resources */,
				CEE85ECD24F0569D00EA6A9D /* GoogleService-Info.plist in Resources */,
			);
			runOnlyForDeploymentPostprocessing = 0;
		};
/* End PBXResourcesBuildPhase section */

/* Begin PBXShellScriptBuildPhase section */
		13FAB2B755F34414C101A42B /* [CP] Check Pods Manifest.lock */ = {
			isa = PBXShellScriptBuildPhase;
			buildActionMask = 2147483647;
			files = (
			);
			inputFileListPaths = (
			);
			inputPaths = (
				"${PODS_PODFILE_DIR_PATH}/Podfile.lock",
				"${PODS_ROOT}/Manifest.lock",
			);
			name = "[CP] Check Pods Manifest.lock";
			outputFileListPaths = (
			);
			outputPaths = (
				"$(DERIVED_FILE_DIR)/Pods-Uber Clone-checkManifestLockResult.txt",
			);
			runOnlyForDeploymentPostprocessing = 0;
			shellPath = /bin/sh;
			shellScript = "diff \"${PODS_PODFILE_DIR_PATH}/Podfile.lock\" \"${PODS_ROOT}/Manifest.lock\" > /dev/null\nif [ $? != 0 ] ; then\n    # print error to STDERR\n    echo \"error: The sandbox is not in sync with the Podfile.lock. Run 'pod install' or update your CocoaPods installation.\" >&2\n    exit 1\nfi\n# This output is used by Xcode 'outputs' to avoid re-running this script phase.\necho \"SUCCESS\" > \"${SCRIPT_OUTPUT_FILE_0}\"\n";
			showEnvVarsInLog = 0;
		};
		BE18CC8111C0845A3854B0BE /* [CP] Embed Pods Frameworks */ = {
			isa = PBXShellScriptBuildPhase;
			buildActionMask = 2147483647;
			files = (
			);
			inputFileListPaths = (
				"${PODS_ROOT}/Target Support Files/Pods-Uber Clone/Pods-Uber Clone-frameworks-${CONFIGURATION}-input-files.xcfilelist",
			);
			name = "[CP] Embed Pods Frameworks";
			outputFileListPaths = (
				"${PODS_ROOT}/Target Support Files/Pods-Uber Clone/Pods-Uber Clone-frameworks-${CONFIGURATION}-output-files.xcfilelist",
			);
			runOnlyForDeploymentPostprocessing = 0;
			shellPath = /bin/sh;
			shellScript = "\"${PODS_ROOT}/Target Support Files/Pods-Uber Clone/Pods-Uber Clone-frameworks.sh\"\n";
			showEnvVarsInLog = 0;
		};
/* End PBXShellScriptBuildPhase section */

/* Begin PBXSourcesBuildPhase section */
		CEE85EA424EEBA4D00EA6A9D /* Sources */ = {
			isa = PBXSourcesBuildPhase;
			buildActionMask = 2147483647;
			files = (
				CEE85EC924F012B700EA6A9D /* SignUpController.swift in Sources */,
				CEE85ECB24F04EC300EA6A9D /* AuthButton.swift in Sources */,
				CEE85ECF24F066F900EA6A9D /* HomeController.swift in Sources */,
				CEE85ED924F61D3200EA6A9D /* User.swift in Sources */,
				CE649BA724F8F3C3003F79FF /* DriverAnnotation.swift in Sources */,
				CEE85ED324F1577F00EA6A9D /* LocationInputView.swift in Sources */,
				CEE85EC524EEBB2500EA6A9D /* LoginController.swift in Sources */,
				CEE85EAC24EEBA4D00EA6A9D /* AppDelegate.swift in Sources */,
				CE649BA524F6F211003F79FF /* LocationHandler.swift in Sources */,
				CEE85ED524F27D5200EA6A9D /* LocationCell.swift in Sources */,
				CEE85EAE24EEBA4D00EA6A9D /* SceneDelegate.swift in Sources */,
				CEE85ED724F60CCA00EA6A9D /* Service.swift in Sources */,
				CEE85ED124F118DD00EA6A9D /* LocationInputActivationView.swift in Sources */,
				CEE85EC724EEEB0F00EA6A9D /* Extensions.swift in Sources */,
			);
			runOnlyForDeploymentPostprocessing = 0;
		};
/* End PBXSourcesBuildPhase section */

/* Begin PBXVariantGroup section */
		CEE85EB624EEBA5000EA6A9D /* LaunchScreen.storyboard */ = {
			isa = PBXVariantGroup;
			children = (
				CEE85EB724EEBA5000EA6A9D /* Base */,
			);
			name = LaunchScreen.storyboard;
			sourceTree = "<group>";
		};
/* End PBXVariantGroup section */

/* Begin XCBuildConfiguration section */
		CEE85EBA24EEBA5000EA6A9D /* Debug */ = {
			isa = XCBuildConfiguration;
			buildSettings = {
				ALWAYS_SEARCH_USER_PATHS = NO;
				CLANG_ANALYZER_NONNULL = YES;
				CLANG_ANALYZER_NUMBER_OBJECT_CONVERSION = YES_AGGRESSIVE;
				CLANG_CXX_LANGUAGE_STANDARD = "gnu++14";
				CLANG_CXX_LIBRARY = "libc++";
				CLANG_ENABLE_MODULES = YES;
				CLANG_ENABLE_OBJC_ARC = YES;
				CLANG_ENABLE_OBJC_WEAK = YES;
				CLANG_WARN_BLOCK_CAPTURE_AUTORELEASING = YES;
				CLANG_WARN_BOOL_CONVERSION = YES;
				CLANG_WARN_COMMA = YES;
				CLANG_WARN_CONSTANT_CONVERSION = YES;
				CLANG_WARN_DEPRECATED_OBJC_IMPLEMENTATIONS = YES;
				CLANG_WARN_DIRECT_OBJC_ISA_USAGE = YES_ERROR;
				CLANG_WARN_DOCUMENTATION_COMMENTS = YES;
				CLANG_WARN_EMPTY_BODY = YES;
				CLANG_WARN_ENUM_CONVERSION = YES;
				CLANG_WARN_INFINITE_RECURSION = YES;
				CLANG_WARN_INT_CONVERSION = YES;
				CLANG_WARN_NON_LITERAL_NULL_CONVERSION = YES;
				CLANG_WARN_OBJC_IMPLICIT_RETAIN_SELF = YES;
				CLANG_WARN_OBJC_LITERAL_CONVERSION = YES;
				CLANG_WARN_OBJC_ROOT_CLASS = YES_ERROR;
				CLANG_WARN_RANGE_LOOP_ANALYSIS = YES;
				CLANG_WARN_STRICT_PROTOTYPES = YES;
				CLANG_WARN_SUSPICIOUS_MOVE = YES;
				CLANG_WARN_UNGUARDED_AVAILABILITY = YES_AGGRESSIVE;
				CLANG_WARN_UNREACHABLE_CODE = YES;
				CLANG_WARN__DUPLICATE_METHOD_MATCH = YES;
				COPY_PHASE_STRIP = NO;
				DEBUG_INFORMATION_FORMAT = dwarf;
				ENABLE_STRICT_OBJC_MSGSEND = YES;
				ENABLE_TESTABILITY = YES;
				GCC_C_LANGUAGE_STANDARD = gnu11;
				GCC_DYNAMIC_NO_PIC = NO;
				GCC_NO_COMMON_BLOCKS = YES;
				GCC_OPTIMIZATION_LEVEL = 0;
				GCC_PREPROCESSOR_DEFINITIONS = (
					"DEBUG=1",
					"$(inherited)",
				);
				GCC_WARN_64_TO_32_BIT_CONVERSION = YES;
				GCC_WARN_ABOUT_RETURN_TYPE = YES_ERROR;
				GCC_WARN_UNDECLARED_SELECTOR = YES;
				GCC_WARN_UNINITIALIZED_AUTOS = YES_AGGRESSIVE;
				GCC_WARN_UNUSED_FUNCTION = YES;
				GCC_WARN_UNUSED_VARIABLE = YES;
				IPHONEOS_DEPLOYMENT_TARGET = 13.6;
				MTL_ENABLE_DEBUG_INFO = INCLUDE_SOURCE;
				MTL_FAST_MATH = YES;
				ONLY_ACTIVE_ARCH = YES;
				SDKROOT = iphoneos;
				SWIFT_ACTIVE_COMPILATION_CONDITIONS = DEBUG;
				SWIFT_OPTIMIZATION_LEVEL = "-Onone";
			};
			name = Debug;
		};
		CEE85EBB24EEBA5000EA6A9D /* Release */ = {
			isa = XCBuildConfiguration;
			buildSettings = {
				ALWAYS_SEARCH_USER_PATHS = NO;
				CLANG_ANALYZER_NONNULL = YES;
				CLANG_ANALYZER_NUMBER_OBJECT_CONVERSION = YES_AGGRESSIVE;
				CLANG_CXX_LANGUAGE_STANDARD = "gnu++14";
				CLANG_CXX_LIBRARY = "libc++";
				CLANG_ENABLE_MODULES = YES;
				CLANG_ENABLE_OBJC_ARC = YES;
				CLANG_ENABLE_OBJC_WEAK = YES;
				CLANG_WARN_BLOCK_CAPTURE_AUTORELEASING = YES;
				CLANG_WARN_BOOL_CONVERSION = YES;
				CLANG_WARN_COMMA = YES;
				CLANG_WARN_CONSTANT_CONVERSION = YES;
				CLANG_WARN_DEPRECATED_OBJC_IMPLEMENTATIONS = YES;
				CLANG_WARN_DIRECT_OBJC_ISA_USAGE = YES_ERROR;
				CLANG_WARN_DOCUMENTATION_COMMENTS = YES;
				CLANG_WARN_EMPTY_BODY = YES;
				CLANG_WARN_ENUM_CONVERSION = YES;
				CLANG_WARN_INFINITE_RECURSION = YES;
				CLANG_WARN_INT_CONVERSION = YES;
				CLANG_WARN_NON_LITERAL_NULL_CONVERSION = YES;
				CLANG_WARN_OBJC_IMPLICIT_RETAIN_SELF = YES;
				CLANG_WARN_OBJC_LITERAL_CONVERSION = YES;
				CLANG_WARN_OBJC_ROOT_CLASS = YES_ERROR;
				CLANG_WARN_RANGE_LOOP_ANALYSIS = YES;
				CLANG_WARN_STRICT_PROTOTYPES = YES;
				CLANG_WARN_SUSPICIOUS_MOVE = YES;
				CLANG_WARN_UNGUARDED_AVAILABILITY = YES_AGGRESSIVE;
				CLANG_WARN_UNREACHABLE_CODE = YES;
				CLANG_WARN__DUPLICATE_METHOD_MATCH = YES;
				COPY_PHASE_STRIP = NO;
				DEBUG_INFORMATION_FORMAT = "dwarf-with-dsym";
				ENABLE_NS_ASSERTIONS = NO;
				ENABLE_STRICT_OBJC_MSGSEND = YES;
				GCC_C_LANGUAGE_STANDARD = gnu11;
				GCC_NO_COMMON_BLOCKS = YES;
				GCC_WARN_64_TO_32_BIT_CONVERSION = YES;
				GCC_WARN_ABOUT_RETURN_TYPE = YES_ERROR;
				GCC_WARN_UNDECLARED_SELECTOR = YES;
				GCC_WARN_UNINITIALIZED_AUTOS = YES_AGGRESSIVE;
				GCC_WARN_UNUSED_FUNCTION = YES;
				GCC_WARN_UNUSED_VARIABLE = YES;
				IPHONEOS_DEPLOYMENT_TARGET = 13.6;
				MTL_ENABLE_DEBUG_INFO = NO;
				MTL_FAST_MATH = YES;
				SDKROOT = iphoneos;
				SWIFT_COMPILATION_MODE = wholemodule;
				SWIFT_OPTIMIZATION_LEVEL = "-O";
				VALIDATE_PRODUCT = YES;
			};
			name = Release;
		};
		CEE85EBD24EEBA5000EA6A9D /* Debug */ = {
			isa = XCBuildConfiguration;
			baseConfigurationReference = 3C9B0E1A2EA7207B2E70DBDE /* Pods-Uber Clone.debug.xcconfig */;
			buildSettings = {
				ASSETCATALOG_COMPILER_APPICON_NAME = AppIcon;
				CODE_SIGN_STYLE = Automatic;
				DEVELOPMENT_TEAM = Z4A3K37782;
				INFOPLIST_FILE = "Uber Clone/Info.plist";
				LD_RUNPATH_SEARCH_PATHS = (
					"$(inherited)",
					"@executable_path/Frameworks",
				);
				PRODUCT_BUNDLE_IDENTIFIER = "com.melowsoft.Uber-Clone";
				PRODUCT_NAME = "$(TARGET_NAME)";
				SWIFT_VERSION = 5.0;
				TARGETED_DEVICE_FAMILY = "1,2";
			};
			name = Debug;
		};
		CEE85EBE24EEBA5000EA6A9D /* Release */ = {
			isa = XCBuildConfiguration;
			baseConfigurationReference = 204C8E7B8A2B2C663F7B1304 /* Pods-Uber Clone.release.xcconfig */;
			buildSettings = {
				ASSETCATALOG_COMPILER_APPICON_NAME = AppIcon;
				CODE_SIGN_STYLE = Automatic;
				DEVELOPMENT_TEAM = Z4A3K37782;
				INFOPLIST_FILE = "Uber Clone/Info.plist";
				LD_RUNPATH_SEARCH_PATHS = (
					"$(inherited)",
					"@executable_path/Frameworks",
				);
				PRODUCT_BUNDLE_IDENTIFIER = "com.melowsoft.Uber-Clone";
				PRODUCT_NAME = "$(TARGET_NAME)";
				SWIFT_VERSION = 5.0;
				TARGETED_DEVICE_FAMILY = "1,2";
			};
			name = Release;
		};
/* End XCBuildConfiguration section */

/* Begin XCConfigurationList section */
		CEE85EA324EEBA4D00EA6A9D /* Build configuration list for PBXProject "Uber Clone" */ = {
			isa = XCConfigurationList;
			buildConfigurations = (
				CEE85EBA24EEBA5000EA6A9D /* Debug */,
				CEE85EBB24EEBA5000EA6A9D /* Release */,
			);
			defaultConfigurationIsVisible = 0;
			defaultConfigurationName = Release;
		};
		CEE85EBC24EEBA5000EA6A9D /* Build configuration list for PBXNativeTarget "Uber Clone" */ = {
			isa = XCConfigurationList;
			buildConfigurations = (
				CEE85EBD24EEBA5000EA6A9D /* Debug */,
				CEE85EBE24EEBA5000EA6A9D /* Release */,
			);
			defaultConfigurationIsVisible = 0;
			defaultConfigurationName = Release;
		};
/* End XCConfigurationList section */
	};
	rootObject = CEE85EA024EEBA4D00EA6A9D /* Project object */;
}
